
Microsoft Visual Studio Solution File, Format Version 12.00
# Visual Studio Version 16
VisualStudioVersion = 16.0.30128.74
MinimumVisualStudioVersion = 10.0.40219.1
Project("{FAE04EC0-301F-11D3-BF4B-00C04F79EFBC}") = "WebApiCompressData", "WebApiCompressData\WebApiCompressData.csproj", "{EE8F5C1E-CD79-4ED5-BA5B-61588466CE2F}"
EndProject
Global
	GlobalSection(SolutionConfigurationPlatforms) = preSolution
		Debug|Any CPU = Debug|Any CPU
		Release|Any CPU = Release|Any CPU
	EndGlobalSection
	GlobalSection(ProjectConfigurationPlatforms) = postSolution
		{EE8F5C1E-CD79-4ED5-BA5B-61588466CE2F}.Debug|Any CPU.ActiveCfg = Debug|Any CPU
		{EE8F5C1E-CD79-4ED5-BA5B-61588466CE2F}.Debug|Any CPU.Build.0 = Debug|Any CPU
		{EE8F5C1E-CD79-4ED5-BA5B-61588466CE2F}.Release|Any CPU.ActiveCfg = Release|Any CPU
		{EE8F5C1E-CD79-4ED5-BA5B-61588466CE2F}.Release|Any CPU.Build.0 = Release|Any CPU
	EndGlobalSection
	GlobalSection(SolutionProperties) = preSolution
		HideSolutionNode = FALSE
	EndGlobalSection
	GlobalSection(ExtensibilityGlobals) = postSolution
		SolutionGuid = {B3173780-4C73-426D-A4B4-EAEB0FEA9485}
	EndGlobalSection
EndGlobal
